
Microsoft Visual Studio Solution File, Format Version 12.00
# Visual Studio 15
VisualStudioVersion = 15.0.25302.0
MinimumVisualStudioVersion = 10.0.40219.1
Project("{FAE04EC0-301F-11D3-BF4B-00C04F79EFBC}") = "CodeGenerator", "CodeGenerator\CodeGenerator.csproj", "{40DB2C93-0AE8-4D5B-8CFF-1C41B8767FED}"
EndProject
Project("{FAE04EC0-301F-11D3-BF4B-00C04F79EFBC}") = "CQGLibrary", "CQGLibrary\CQGLibrary.csproj", "{282D7BB6-5CC3-44EF-9C47-8EDD337462EA}"
	ProjectSection(ProjectDependencies) = postProject
		{40DB2C93-0AE8-4D5B-8CFF-1C41B8767FED} = {40DB2C93-0AE8-4D5B-8CFF-1C41B8767FED}
	EndProjectSection
EndProject
Project("{FAE04EC0-301F-11D3-BF4B-00C04F79EFBC}") = "UnitTestFakeCQG", "UnitTestFakeCQG\UnitTestFakeCQG.csproj", "{E2E2A44B-B408-44CE-9A7B-2C2AEA9C21DC}"
EndProject
Project("{FAE04EC0-301F-11D3-BF4B-00C04F79EFBC}") = "TimedBars", "TimedBars\TimedBars.csproj", "{5D116B13-4B13-43F7-89BF-B873529B863A}"
	ProjectSection(ProjectDependencies) = postProject
		{282D7BB6-5CC3-44EF-9C47-8EDD337462EA} = {282D7BB6-5CC3-44EF-9C47-8EDD337462EA}
	EndProjectSection
EndProject
Global
	GlobalSection(SolutionConfigurationPlatforms) = preSolution
		Debug|Any CPU = Debug|Any CPU
		Debug|x86 = Debug|x86
		Release|Any CPU = Release|Any CPU
		Release|x86 = Release|x86
		ReleasePut2Bin|Any CPU = ReleasePut2Bin|Any CPU
		ReleasePut2Bin|x86 = ReleasePut2Bin|x86
	EndGlobalSection
	GlobalSection(ProjectConfigurationPlatforms) = postSolution
		{40DB2C93-0AE8-4D5B-8CFF-1C41B8767FED}.Debug|Any CPU.ActiveCfg = Debug|Any CPU
		{40DB2C93-0AE8-4D5B-8CFF-1C41B8767FED}.Debug|Any CPU.Build.0 = Debug|Any CPU
		{40DB2C93-0AE8-4D5B-8CFF-1C41B8767FED}.Debug|x86.ActiveCfg = Debug|Any CPU
		{40DB2C93-0AE8-4D5B-8CFF-1C41B8767FED}.Release|Any CPU.ActiveCfg = Release|Any CPU
		{40DB2C93-0AE8-4D5B-8CFF-1C41B8767FED}.Release|Any CPU.Build.0 = Release|Any CPU
		{40DB2C93-0AE8-4D5B-8CFF-1C41B8767FED}.Release|x86.ActiveCfg = Release|Any CPU
		{40DB2C93-0AE8-4D5B-8CFF-1C41B8767FED}.ReleasePut2Bin|Any CPU.ActiveCfg = Release|Any CPU
		{40DB2C93-0AE8-4D5B-8CFF-1C41B8767FED}.ReleasePut2Bin|Any CPU.Build.0 = Release|Any CPU
		{40DB2C93-0AE8-4D5B-8CFF-1C41B8767FED}.ReleasePut2Bin|x86.ActiveCfg = Release|Any CPU
		{40DB2C93-0AE8-4D5B-8CFF-1C41B8767FED}.ReleasePut2Bin|x86.Build.0 = Release|Any CPU
		{282D7BB6-5CC3-44EF-9C47-8EDD337462EA}.Debug|Any CPU.ActiveCfg = Debug|Any CPU
		{282D7BB6-5CC3-44EF-9C47-8EDD337462EA}.Debug|Any CPU.Build.0 = Debug|Any CPU
		{282D7BB6-5CC3-44EF-9C47-8EDD337462EA}.Debug|x86.ActiveCfg = Debug|x86
		{282D7BB6-5CC3-44EF-9C47-8EDD337462EA}.Debug|x86.Build.0 = Debug|x86
		{282D7BB6-5CC3-44EF-9C47-8EDD337462EA}.Release|Any CPU.ActiveCfg = Release|Any CPU
		{282D7BB6-5CC3-44EF-9C47-8EDD337462EA}.Release|Any CPU.Build.0 = Release|Any CPU
		{282D7BB6-5CC3-44EF-9C47-8EDD337462EA}.Release|x86.ActiveCfg = Release|x86
		{282D7BB6-5CC3-44EF-9C47-8EDD337462EA}.Release|x86.Build.0 = Release|x86
		{282D7BB6-5CC3-44EF-9C47-8EDD337462EA}.ReleasePut2Bin|Any CPU.ActiveCfg = Release|Any CPU
		{282D7BB6-5CC3-44EF-9C47-8EDD337462EA}.ReleasePut2Bin|Any CPU.Build.0 = Release|Any CPU
		{282D7BB6-5CC3-44EF-9C47-8EDD337462EA}.ReleasePut2Bin|x86.ActiveCfg = Release|x86
		{282D7BB6-5CC3-44EF-9C47-8EDD337462EA}.ReleasePut2Bin|x86.Build.0 = Release|x86
		{E2E2A44B-B408-44CE-9A7B-2C2AEA9C21DC}.Debug|Any CPU.ActiveCfg = Debug|Any CPU
		{E2E2A44B-B408-44CE-9A7B-2C2AEA9C21DC}.Debug|Any CPU.Build.0 = Debug|Any CPU
		{E2E2A44B-B408-44CE-9A7B-2C2AEA9C21DC}.Debug|x86.ActiveCfg = Debug|Any CPU
		{E2E2A44B-B408-44CE-9A7B-2C2AEA9C21DC}.Release|Any CPU.ActiveCfg = Release|Any CPU
		{E2E2A44B-B408-44CE-9A7B-2C2AEA9C21DC}.Release|Any CPU.Build.0 = Release|Any CPU
		{E2E2A44B-B408-44CE-9A7B-2C2AEA9C21DC}.Release|x86.ActiveCfg = Release|Any CPU
		{E2E2A44B-B408-44CE-9A7B-2C2AEA9C21DC}.ReleasePut2Bin|Any CPU.ActiveCfg = Release|Any CPU
		{E2E2A44B-B408-44CE-9A7B-2C2AEA9C21DC}.ReleasePut2Bin|Any CPU.Build.0 = Release|Any CPU
		{E2E2A44B-B408-44CE-9A7B-2C2AEA9C21DC}.ReleasePut2Bin|x86.ActiveCfg = Release|Any CPU
		{E2E2A44B-B408-44CE-9A7B-2C2AEA9C21DC}.ReleasePut2Bin|x86.Build.0 = Release|Any CPU
		{5D116B13-4B13-43F7-89BF-B873529B863A}.Debug|Any CPU.ActiveCfg = Debug|Any CPU
		{5D116B13-4B13-43F7-89BF-B873529B863A}.Debug|Any CPU.Build.0 = Debug|Any CPU
		{5D116B13-4B13-43F7-89BF-B873529B863A}.Debug|x86.ActiveCfg = Debug|x86
		{5D116B13-4B13-43F7-89BF-B873529B863A}.Debug|x86.Build.0 = Debug|x86
		{5D116B13-4B13-43F7-89BF-B873529B863A}.Release|Any CPU.ActiveCfg = Release|Any CPU
		{5D116B13-4B13-43F7-89BF-B873529B863A}.Release|Any CPU.Build.0 = Release|Any CPU
		{5D116B13-4B13-43F7-89BF-B873529B863A}.Release|x86.ActiveCfg = Release|x86
		{5D116B13-4B13-43F7-89BF-B873529B863A}.Release|x86.Build.0 = Release|x86
		{5D116B13-4B13-43F7-89BF-B873529B863A}.ReleasePut2Bin|Any CPU.ActiveCfg = ReleasePut2Bin|Any CPU
		{5D116B13-4B13-43F7-89BF-B873529B863A}.ReleasePut2Bin|Any CPU.Build.0 = ReleasePut2Bin|Any CPU
		{5D116B13-4B13-43F7-89BF-B873529B863A}.ReleasePut2Bin|x86.ActiveCfg = ReleasePut2Bin|x86
		{5D116B13-4B13-43F7-89BF-B873529B863A}.ReleasePut2Bin|x86.Build.0 = ReleasePut2Bin|x86
	EndGlobalSection
	GlobalSection(SolutionProperties) = preSolution
		HideSolutionNode = FALSE
	EndGlobalSection
EndGlobal
